
Microsoft Visual Studio Solution File, Format Version 12.00
# Visual Studio Version 17
VisualStudioVersion = 17.5.33424.131
MinimumVisualStudioVersion = 10.0.40219.1
Project("{9A19103F-16F7-4668-BE54-9A1E7A4F7556}") = "ViewLayer", "WeatherWindowsApplication\ViewLayer.csproj", "{44CB51DB-A721-42D0-BA47-AECAC9DCD807}"
	ProjectSection(ProjectDependencies) = postProject
		{8804F82D-71F4-4514-9F80-BE60DAA44849} = {8804F82D-71F4-4514-9F80-BE60DAA44849}
	EndProjectSection
EndProject
Project("{9A19103F-16F7-4668-BE54-9A1E7A4F7556}") = "ComunicationLayer", "ComunicationLayer\ComunicationLayer.csproj", "{8804F82D-71F4-4514-9F80-BE60DAA44849}"
EndProject
Global
	GlobalSection(SolutionConfigurationPlatforms) = preSolution
		Debug|Any CPU = Debug|Any CPU
		Release|Any CPU = Release|Any CPU
	EndGlobalSection
	GlobalSection(ProjectConfigurationPlatforms) = postSolution
		{44CB51DB-A721-42D0-BA47-AECAC9DCD807}.Debug|Any CPU.ActiveCfg = Debug|Any CPU
		{44CB51DB-A721-42D0-BA47-AECAC9DCD807}.Debug|Any CPU.Build.0 = Debug|Any CPU
		{44CB51DB-A721-42D0-BA47-AECAC9DCD807}.Release|Any CPU.ActiveCfg = Release|Any CPU
		{44CB51DB-A721-42D0-BA47-AECAC9DCD807}.Release|Any CPU.Build.0 = Release|Any CPU
		{8804F82D-71F4-4514-9F80-BE60DAA44849}.Debug|Any CPU.ActiveCfg = Debug|Any CPU
		{8804F82D-71F4-4514-9F80-BE60DAA44849}.Debug|Any CPU.Build.0 = Debug|Any CPU
		{8804F82D-71F4-4514-9F80-BE60DAA44849}.Release|Any CPU.ActiveCfg = Release|Any CPU
		{8804F82D-71F4-4514-9F80-BE60DAA44849}.Release|Any CPU.Build.0 = Release|Any CPU
	EndGlobalSection
	GlobalSection(SolutionProperties) = preSolution
		HideSolutionNode = FALSE
	EndGlobalSection
	GlobalSection(ExtensibilityGlobals) = postSolution
		SolutionGuid = {EDCEBAE5-18B3-4E23-8ED8-7439D25A8DE5}
	EndGlobalSection
EndGlobal
